
Microsoft Visual Studio Solution File, Format Version 12.00
# Visual Studio Version 17
VisualStudioVersion = 17.2.32630.192
MinimumVisualStudioVersion = 10.0.40219.1
Project("{FAE04EC0-301F-11D3-BF4B-00C04F79EFBC}") = "CashEX.API", "CashEX.API.csproj", "{5D112402-ECD9-4FC4-BD16-A72E635324A1}"
EndProject
Global
	GlobalSection(SolutionConfigurationPlatforms) = preSolution
		Debug|Any CPU = Debug|Any CPU
		Release|Any CPU = Release|Any CPU
	EndGlobalSection
	GlobalSection(ProjectConfigurationPlatforms) = postSolution
		{5D112402-ECD9-4FC4-BD16-A72E635324A1}.Debug|Any CPU.ActiveCfg = Debug|Any CPU
		{5D112402-ECD9-4FC4-BD16-A72E635324A1}.Debug|Any CPU.Build.0 = Debug|Any CPU
		{5D112402-ECD9-4FC4-BD16-A72E635324A1}.Release|Any CPU.ActiveCfg = Release|Any CPU
		{5D112402-ECD9-4FC4-BD16-A72E635324A1}.Release|Any CPU.Build.0 = Release|Any CPU
	EndGlobalSection
	GlobalSection(SolutionProperties) = preSolution
		HideSolutionNode = FALSE
	EndGlobalSection
	GlobalSection(ExtensibilityGlobals) = postSolution
		SolutionGuid = {EA14CCC2-2F23-46D2-BFF1-BEB6756670C1}
	EndGlobalSection
EndGlobal
